# This file was autogenerated by Stack.
# You should not edit this file by hand.
# For more information, please see the documentation at:
#   https://docs.haskellstack.org/en/stable/lock_files

packages:
- completed:
    hackage: binary-instances-1.0.1@sha256:56bb2da1268415901d6ea3f46535b88b89459d7926fbfcca027e25e069ea6f2b,2647
    pantry-tree:
      size: 1035
      sha256: 05d4c1e47e9550160fd0ebc97de6d5c2ed5b70afdf3aebf79b111bfe52f09b83
  original:
    hackage: binary-instances-1.0.1@sha256:56bb2da1268415901d6ea3f46535b88b89459d7926fbfcca027e25e069ea6f2b,2647
snapshots:
- completed:
    size: 533252
    url: https://raw.githubusercontent.com/commercialhaskell/stackage-snapshots/master/lts/16/27.yaml
    sha256: c2aaae52beeacf6a5727c1010f50e89d03869abfab6d2c2658ade9da8ed50c73
  original: lts-16.27
